
Microsoft Visual Studio Solution File, Format Version 12.00
# Visual Studio 15
VisualStudioVersion = 15.0.28307.1831
MinimumVisualStudioVersion = 10.0.40219.1
Project("{FAE04EC0-301F-11D3-BF4B-00C04F79EFBC}") = "GestionMagasins", "GestionMagasins.csproj", "{B785711B-33CD-4D67-B45A-0F98BDFAEADD}"
EndProject
Global
	GlobalSection(SolutionConfigurationPlatforms) = preSolution
		Debug|Any CPU = Debug|Any CPU
		Release|Any CPU = Release|Any CPU
	EndGlobalSection
	GlobalSection(ProjectConfigurationPlatforms) = postSolution
		{B785711B-33CD-4D67-B45A-0F98BDFAEADD}.Debug|Any CPU.ActiveCfg = Debug|Any CPU
		{B785711B-33CD-4D67-B45A-0F98BDFAEADD}.Debug|Any CPU.Build.0 = Debug|Any CPU
		{B785711B-33CD-4D67-B45A-0F98BDFAEADD}.Release|Any CPU.ActiveCfg = Release|Any CPU
		{B785711B-33CD-4D67-B45A-0F98BDFAEADD}.Release|Any CPU.Build.0 = Release|Any CPU
	EndGlobalSection
	GlobalSection(SolutionProperties) = preSolution
		HideSolutionNode = FALSE
	EndGlobalSection
	GlobalSection(ExtensibilityGlobals) = postSolution
		SolutionGuid = {8A52C49C-DF56-4220-B439-7ADCBECC45D0}
	EndGlobalSection
EndGlobal
